// !$*UTF8*$!
{
	archiveVersion = 1;
	classes = {
	};
	objectVersion = 56;
	objects = {

/* Begin PBXBuildFile section */
		0492DD002B6963CF0038F8EA /* AppDelegate.swift in Sources */ = {isa = PBXBuildFile; fileRef = 0492DCFF2B6963CF0038F8EA /* AppDelegate.swift */; };
		0492DD022B6963CF0038F8EA /* SceneDelegate.swift in Sources */ = {isa = PBXBuildFile; fileRef = 0492DD012B6963CF0038F8EA /* SceneDelegate.swift */; };
		0492DD072B6963CF0038F8EA /* Main.storyboard in Resources */ = {isa = PBXBuildFile; fileRef = 0492DD052B6963CF0038F8EA /* Main.storyboard */; };
		0492DD092B6963D20038F8EA /* Assets.xcassets in Resources */ = {isa = PBXBuildFile; fileRef = 0492DD082B6963D20038F8EA /* Assets.xcassets */; };
		0492DD0C2B6963D20038F8EA /* LaunchScreen.storyboard in Resources */ = {isa = PBXBuildFile; fileRef = 0492DD0A2B6963D20038F8EA /* LaunchScreen.storyboard */; };
		0492DD162B6964200038F8EA /* QuestionEndPointItem.swift in Sources */ = {isa = PBXBuildFile; fileRef = 0492DD142B69641F0038F8EA /* QuestionEndPointItem.swift */; };
		0492DD172B6964200038F8EA /* EndPointType.swift in Sources */ = {isa = PBXBuildFile; fileRef = 0492DD152B6964200038F8EA /* EndPointType.swift */; };
		0492DD1A2B6964400038F8EA /* Constant.swift in Sources */ = {isa = PBXBuildFile; fileRef = 0492DD192B6964400038F8EA /* Constant.swift */; };
		0492DD1F2B6964840038F8EA /* ApiManager.swift in Sources */ = {isa = PBXBuildFile; fileRef = 0492DD1E2B6964840038F8EA /* ApiManager.swift */; };
		0492DD282B6968F50038F8EA /* QueModel.swift in Sources */ = {isa = PBXBuildFile; fileRef = 0492DD272B6968F50038F8EA /* QueModel.swift */; };
		0492DD2A2B696AF00038F8EA /* QuestionsVC.swift in Sources */ = {isa = PBXBuildFile; fileRef = 0492DD292B696AF00038F8EA /* QuestionsVC.swift */; };
		0492DD2C2B696B280038F8EA /* QuestionCVC.swift in Sources */ = {isa = PBXBuildFile; fileRef = 0492DD2B2B696B280038F8EA /* QuestionCVC.swift */; };
		0492DD2E2B696B3C0038F8EA /* AnswersTVC.swift in Sources */ = {isa = PBXBuildFile; fileRef = 0492DD2D2B696B3C0038F8EA /* AnswersTVC.swift */; };
		0492DD312B696B620038F8EA /* ResultVC.swift in Sources */ = {isa = PBXBuildFile; fileRef = 0492DD302B696B620038F8EA /* ResultVC.swift */; };
		0492DD352B696B950038F8EA /* QueViewModel.swift in Sources */ = {isa = PBXBuildFile; fileRef = 0492DD342B696B950038F8EA /* QueViewModel.swift */; };
		0492DD372B6973540038F8EA /* Extensions.swift in Sources */ = {isa = PBXBuildFile; fileRef = 0492DD362B6973540038F8EA /* Extensions.swift */; };
/* End PBXBuildFile section */

/* Begin PBXFileReference section */
		0492DCFC2B6963CF0038F8EA /* QuizAppHarsh.app */ = {isa = PBXFileReference; explicitFileType = wrapper.application; includeInIndex = 0; path = QuizAppHarsh.app; sourceTree = BUILT_PRODUCTS_DIR; };
		0492DCFF2B6963CF0038F8EA /* AppDelegate.swift */ = {isa = PBXFileReference; lastKnownFileType = sourcecode.swift; path = AppDelegate.swift; sourceTree = "<group>"; };
		0492DD012B6963CF0038F8EA /* SceneDelegate.swift */ = {isa = PBXFileReference; lastKnownFileType = sourcecode.swift; path = SceneDelegate.swift; sourceTree = "<group>"; };
		0492DD062B6963CF0038F8EA /* Base */ = {isa = PBXFileReference; lastKnownFileType = file.storyboard; name = Base; path = Base.lproj/Main.storyboard; sourceTree = "<group>"; };
		0492DD082B6963D20038F8EA /* Assets.xcassets */ = {isa = PBXFileReference; lastKnownFileType = folder.assetcatalog; path = Assets.xcassets; sourceTree = "<group>"; };
		0492DD0B2B6963D20038F8EA /* Base */ = {isa = PBXFileReference; lastKnownFileType = file.storyboard; name = Base; path = Base.lproj/LaunchScreen.storyboard; sourceTree = "<group>"; };
		0492DD0D2B6963D20038F8EA /* Info.plist */ = {isa = PBXFileReference; lastKnownFileType = text.plist.xml; path = Info.plist; sourceTree = "<group>"; };
		0492DD142B69641F0038F8EA /* QuestionEndPointItem.swift */ = {isa = PBXFileReference; fileEncoding = 4; lastKnownFileType = sourcecode.swift; path = QuestionEndPointItem.swift; sourceTree = "<group>"; };
		0492DD152B6964200038F8EA /* EndPointType.swift */ = {isa = PBXFileReference; fileEncoding = 4; lastKnownFileType = sourcecode.swift; path = EndPointType.swift; sourceTree = "<group>"; };
		0492DD192B6964400038F8EA /* Constant.swift */ = {isa = PBXFileReference; fileEncoding = 4; lastKnownFileType = sourcecode.swift; path = Constant.swift; sourceTree = "<group>"; };
		0492DD1E2B6964840038F8EA /* ApiManager.swift */ = {isa = PBXFileReference; fileEncoding = 4; lastKnownFileType = sourcecode.swift; path = ApiManager.swift; sourceTree = "<group>"; };
		0492DD272B6968F50038F8EA /* QueModel.swift */ = {isa = PBXFileReference; lastKnownFileType = sourcecode.swift; path = QueModel.swift; sourceTree = "<group>"; };
		0492DD292B696AF00038F8EA /* QuestionsVC.swift */ = {isa = PBXFileReference; lastKnownFileType = sourcecode.swift; path = QuestionsVC.swift; sourceTree = "<group>"; };
		0492DD2B2B696B280038F8EA /* QuestionCVC.swift */ = {isa = PBXFileReference; lastKnownFileType = sourcecode.swift; path = QuestionCVC.swift; sourceTree = "<group>"; };
		0492DD2D2B696B3C0038F8EA /* AnswersTVC.swift */ = {isa = PBXFileReference; lastKnownFileType = sourcecode.swift; path = AnswersTVC.swift; sourceTree = "<group>"; };
		0492DD302B696B620038F8EA /* ResultVC.swift */ = {isa = PBXFileReference; lastKnownFileType = sourcecode.swift; path = ResultVC.swift; sourceTree = "<group>"; };
		0492DD342B696B950038F8EA /* QueViewModel.swift */ = {isa = PBXFileReference; lastKnownFileType = sourcecode.swift; path = QueViewModel.swift; sourceTree = "<group>"; };
		0492DD362B6973540038F8EA /* Extensions.swift */ = {isa = PBXFileReference; lastKnownFileType = sourcecode.swift; path = Extensions.swift; sourceTree = "<group>"; };
/* End PBXFileReference section */

/* Begin PBXFrameworksBuildPhase section */
		0492DCF92B6963CF0038F8EA /* Frameworks */ = {
			isa = PBXFrameworksBuildPhase;
			buildActionMask = 2147483647;
			files = (
			);
			runOnlyForDeploymentPostprocessing = 0;
		};
/* End PBXFrameworksBuildPhase section */

/* Begin PBXGroup section */
		0492DCF32B6963CF0038F8EA = {
			isa = PBXGroup;
			children = (
				0492DCFE2B6963CF0038F8EA /* QuizAppHarsh */,
				0492DCFD2B6963CF0038F8EA /* Products */,
			);
			sourceTree = "<group>";
		};
		0492DCFD2B6963CF0038F8EA /* Products */ = {
			isa = PBXGroup;
			children = (
				0492DCFC2B6963CF0038F8EA /* QuizAppHarsh.app */,
			);
			name = Products;
			sourceTree = "<group>";
		};
		0492DCFE2B6963CF0038F8EA /* QuizAppHarsh */ = {
			isa = PBXGroup;
			children = (
				0492DD1B2B69644A0038F8EA /* Application */,
				0492DD182B6964380038F8EA /* Constant */,
				0492DD1D2B6964840038F8EA /* Helper */,
				0492DD132B69641F0038F8EA /* Utility */,
				0492DD222B6964C00038F8EA /* Screens */,
				0492DD212B6964AB0038F8EA /* Resources */,
				0492DD202B69648E0038F8EA /* Storyboard */,
				0492DD1C2B6964680038F8EA /* Extensions */,
				0492DD0D2B6963D20038F8EA /* Info.plist */,
			);
			path = QuizAppHarsh;
			sourceTree = "<group>";
		};
		0492DD132B69641F0038F8EA /* Utility */ = {
			isa = PBXGroup;
			children = (
				0492DD142B69641F0038F8EA /* QuestionEndPointItem.swift */,
				0492DD152B6964200038F8EA /* EndPointType.swift */,
			);
			path = Utility;
			sourceTree = "<group>";
		};
		0492DD182B6964380038F8EA /* Constant */ = {
			isa = PBXGroup;
			children = (
				0492DD192B6964400038F8EA /* Constant.swift */,
			);
			path = Constant;
			sourceTree = "<group>";
		};
		0492DD1B2B69644A0038F8EA /* Application */ = {
			isa = PBXGroup;
			children = (
				0492DCFF2B6963CF0038F8EA /* AppDelegate.swift */,
				0492DD012B6963CF0038F8EA /* SceneDelegate.swift */,
			);
			path = Application;
			sourceTree = "<group>";
		};
		0492DD1C2B6964680038F8EA /* Extensions */ = {
			isa = PBXGroup;
			children = (
				0492DD362B6973540038F8EA /* Extensions.swift */,
			);
			path = Extensions;
			sourceTree = "<group>";
		};
		0492DD1D2B6964840038F8EA /* Helper */ = {
			isa = PBXGroup;
			children = (
				0492DD1E2B6964840038F8EA /* ApiManager.swift */,
			);
			path = Helper;
			sourceTree = "<group>";
		};
		0492DD202B69648E0038F8EA /* Storyboard */ = {
			isa = PBXGroup;
			children = (
				0492DD052B6963CF0038F8EA /* Main.storyboard */,
				0492DD0A2B6963D20038F8EA /* LaunchScreen.storyboard */,
			);
			path = Storyboard;
			sourceTree = "<group>";
		};
		0492DD212B6964AB0038F8EA /* Resources */ = {
			isa = PBXGroup;
			children = (
				0492DD082B6963D20038F8EA /* Assets.xcassets */,
			);
			path = Resources;
			sourceTree = "<group>";
		};
		0492DD222B6964C00038F8EA /* Screens */ = {
			isa = PBXGroup;
			children = (
				0492DD232B6964CC0038F8EA /* Quiz */,
				0492DD2F2B696B4C0038F8EA /* Result */,
			);
			path = Screens;
			sourceTree = "<group>";
		};
		0492DD232B6964CC0038F8EA /* Quiz */ = {
			isa = PBXGroup;
			children = (
				0492DD262B6964DB0038F8EA /* ViewModel */,
				0492DD252B6964D70038F8EA /* View */,
				0492DD242B6964D30038F8EA /* Model */,
			);
			path = Quiz;
			sourceTree = "<group>";
		};
		0492DD242B6964D30038F8EA /* Model */ = {
			isa = PBXGroup;
			children = (
				0492DD272B6968F50038F8EA /* QueModel.swift */,
			);
			path = Model;
			sourceTree = "<group>";
		};
		0492DD252B6964D70038F8EA /* View */ = {
			isa = PBXGroup;
			children = (
				0492DD292B696AF00038F8EA /* QuestionsVC.swift */,
				0492DD2B2B696B280038F8EA /* QuestionCVC.swift */,
				0492DD2D2B696B3C0038F8EA /* AnswersTVC.swift */,
			);
			path = View;
			sourceTree = "<group>";
		};
		0492DD262B6964DB0038F8EA /* ViewModel */ = {
			isa = PBXGroup;
			children = (
				0492DD342B696B950038F8EA /* QueViewModel.swift */,
			);
			path = ViewModel;
			sourceTree = "<group>";
		};
		0492DD2F2B696B4C0038F8EA /* Result */ = {
			isa = PBXGroup;
			children = (
				0492DD302B696B620038F8EA /* ResultVC.swift */,
			);
			path = Result;
			sourceTree = "<group>";
		};
/* End PBXGroup section */

/* Begin PBXNativeTarget section */
		0492DCFB2B6963CF0038F8EA /* QuizAppHarsh */ = {
			isa = PBXNativeTarget;
			buildConfigurationList = 0492DD102B6963D20038F8EA /* Build configuration list for PBXNativeTarget "QuizAppHarsh" */;
			buildPhases = (
				0492DCF82B6963CF0038F8EA /* Sources */,
				0492DCF92B6963CF0038F8EA /* Frameworks */,
				0492DCFA2B6963CF0038F8EA /* Resources */,
			);
			buildRules = (
			);
			dependencies = (
			);
			name = QuizAppHarsh;
			productName = QuizAppHarsh;
			productReference = 0492DCFC2B6963CF0038F8EA /* QuizAppHarsh.app */;
			productType = "com.apple.product-type.application";
		};
/* End PBXNativeTarget section */

/* Begin PBXProject section */
		0492DCF42B6963CF0038F8EA /* Project object */ = {
			isa = PBXProject;
			attributes = {
				BuildIndependentTargetsInParallel = 1;
				LastSwiftUpdateCheck = 1520;
				LastUpgradeCheck = 1520;
				TargetAttributes = {
					0492DCFB2B6963CF0038F8EA = {
						CreatedOnToolsVersion = 15.2;
					};
				};
			};
			buildConfigurationList = 0492DCF72B6963CF0038F8EA /* Build configuration list for PBXProject "QuizAppHarsh" */;
			compatibilityVersion = "Xcode 14.0";
			developmentRegion = en;
			hasScannedForEncodings = 0;
			knownRegions = (
				en,
				Base,
			);
			mainGroup = 0492DCF32B6963CF0038F8EA;
			productRefGroup = 0492DCFD2B6963CF0038F8EA /* Products */;
			projectDirPath = "";
			projectRoot = "";
			targets = (
				0492DCFB2B6963CF0038F8EA /* QuizAppHarsh */,
			);
		};
/* End PBXProject section */

/* Begin PBXResourcesBuildPhase section */
		0492DCFA2B6963CF0038F8EA /* Resources */ = {
			isa = PBXResourcesBuildPhase;
			buildActionMask = 2147483647;
			files = (
				0492DD0C2B6963D20038F8EA /* LaunchScreen.storyboard in Resources */,
				0492DD092B6963D20038F8EA /* Assets.xcassets in Resources */,
				0492DD072B6963CF0038F8EA /* Main.storyboard in Resources */,
			);
			runOnlyForDeploymentPostprocessing = 0;
		};
/* End PBXResourcesBuildPhase section */

/* Begin PBXSourcesBuildPhase section */
		0492DCF82B6963CF0038F8EA /* Sources */ = {
			isa = PBXSourcesBuildPhase;
			buildActionMask = 2147483647;
			files = (
				0492DD2A2B696AF00038F8EA /* QuestionsVC.swift in Sources */,
				0492DD162B6964200038F8EA /* QuestionEndPointItem.swift in Sources */,
				0492DD002B6963CF0038F8EA /* AppDelegate.swift in Sources */,
				0492DD1F2B6964840038F8EA /* ApiManager.swift in Sources */,
				0492DD352B696B950038F8EA /* QueViewModel.swift in Sources */,
				0492DD172B6964200038F8EA /* EndPointType.swift in Sources */,
				0492DD022B6963CF0038F8EA /* SceneDelegate.swift in Sources */,
				0492DD1A2B6964400038F8EA /* Constant.swift in Sources */,
				0492DD372B6973540038F8EA /* Extensions.swift in Sources */,
				0492DD2C2B696B280038F8EA /* QuestionCVC.swift in Sources */,
				0492DD312B696B620038F8EA /* ResultVC.swift in Sources */,
				0492DD282B6968F50038F8EA /* QueModel.swift in Sources */,
				0492DD2E2B696B3C0038F8EA /* AnswersTVC.swift in Sources */,
			);
			runOnlyForDeploymentPostprocessing = 0;
		};
/* End PBXSourcesBuildPhase section */

/* Begin PBXVariantGroup section */
		0492DD052B6963CF0038F8EA /* Main.storyboard */ = {
			isa = PBXVariantGroup;
			children = (
				0492DD062B6963CF0038F8EA /* Base */,
			);
			name = Main.storyboard;
			sourceTree = "<group>";
		};
		0492DD0A2B6963D20038F8EA /* LaunchScreen.storyboard */ = {
			isa = PBXVariantGroup;
			children = (
				0492DD0B2B6963D20038F8EA /* Base */,
			);
			name = LaunchScreen.storyboard;
			sourceTree = "<group>";
		};
/* End PBXVariantGroup section */

/* Begin XCBuildConfiguration section */
		0492DD0E2B6963D20038F8EA /* Debug */ = {
			isa = XCBuildConfiguration;
			buildSettings = {
				ALWAYS_SEARCH_USER_PATHS = NO;
				ASSETCATALOG_COMPILER_GENERATE_SWIFT_ASSET_SYMBOL_EXTENSIONS = YES;
				CLANG_ANALYZER_NONNULL = YES;
				CLANG_ANALYZER_NUMBER_OBJECT_CONVERSION = YES_AGGRESSIVE;
				CLANG_CXX_LANGUAGE_STANDARD = "gnu++20";
				CLANG_ENABLE_MODULES = YES;
				CLANG_ENABLE_OBJC_ARC = YES;
				CLANG_ENABLE_OBJC_WEAK = YES;
				CLANG_WARN_BLOCK_CAPTURE_AUTORELEASING = YES;
				CLANG_WARN_BOOL_CONVERSION = YES;
				CLANG_WARN_COMMA = YES;
				CLANG_WARN_CONSTANT_CONVERSION = YES;
				CLANG_WARN_DEPRECATED_OBJC_IMPLEMENTATIONS = YES;
				CLANG_WARN_DIRECT_OBJC_ISA_USAGE = YES_ERROR;
				CLANG_WARN_DOCUMENTATION_COMMENTS = YES;
				CLANG_WARN_EMPTY_BODY = YES;
				CLANG_WARN_ENUM_CONVERSION = YES;
				CLANG_WARN_INFINITE_RECURSION = YES;
				CLANG_WARN_INT_CONVERSION = YES;
				CLANG_WARN_NON_LITERAL_NULL_CONVERSION = YES;
				CLANG_WARN_OBJC_IMPLICIT_RETAIN_SELF = YES;
				CLANG_WARN_OBJC_LITERAL_CONVERSION = YES;
				CLANG_WARN_OBJC_ROOT_CLASS = YES_ERROR;
				CLANG_WARN_QUOTED_INCLUDE_IN_FRAMEWORK_HEADER = YES;
				CLANG_WARN_RANGE_LOOP_ANALYSIS = YES;
				CLANG_WARN_STRICT_PROTOTYPES = YES;
				CLANG_WARN_SUSPICIOUS_MOVE = YES;
				CLANG_WARN_UNGUARDED_AVAILABILITY = YES_AGGRESSIVE;
				CLANG_WARN_UNREACHABLE_CODE = YES;
				CLANG_WARN__DUPLICATE_METHOD_MATCH = YES;
				COPY_PHASE_STRIP = NO;
				DEBUG_INFORMATION_FORMAT = dwarf;
				ENABLE_STRICT_OBJC_MSGSEND = YES;
				ENABLE_TESTABILITY = YES;
				ENABLE_USER_SCRIPT_SANDBOXING = YES;
				GCC_C_LANGUAGE_STANDARD = gnu17;
				GCC_DYNAMIC_NO_PIC = NO;
				GCC_NO_COMMON_BLOCKS = YES;
				GCC_OPTIMIZATION_LEVEL = 0;
				GCC_PREPROCESSOR_DEFINITIONS = (
					"DEBUG=1",
					"$(inherited)",
				);
				GCC_WARN_64_TO_32_BIT_CONVERSION = YES;
				GCC_WARN_ABOUT_RETURN_TYPE = YES_ERROR;
				GCC_WARN_UNDECLARED_SELECTOR = YES;
				GCC_WARN_UNINITIALIZED_AUTOS = YES_AGGRESSIVE;
				GCC_WARN_UNUSED_FUNCTION = YES;
				GCC_WARN_UNUSED_VARIABLE = YES;
				IPHONEOS_DEPLOYMENT_TARGET = 17.2;
				LOCALIZATION_PREFERS_STRING_CATALOGS = YES;
				MTL_ENABLE_DEBUG_INFO = INCLUDE_SOURCE;
				MTL_FAST_MATH = YES;
				ONLY_ACTIVE_ARCH = YES;
				SDKROOT = iphoneos;
				SWIFT_ACTIVE_COMPILATION_CONDITIONS = "DEBUG $(inherited)";
				SWIFT_OPTIMIZATION_LEVEL = "-Onone";
			};
			name = Debug;
		};
		0492DD0F2B6963D20038F8EA /* Release */ = {
			isa = XCBuildConfiguration;
			buildSettings = {
				ALWAYS_SEARCH_USER_PATHS = NO;
				ASSETCATALOG_COMPILER_GENERATE_SWIFT_ASSET_SYMBOL_EXTENSIONS = YES;
				CLANG_ANALYZER_NONNULL = YES;
				CLANG_ANALYZER_NUMBER_OBJECT_CONVERSION = YES_AGGRESSIVE;
				CLANG_CXX_LANGUAGE_STANDARD = "gnu++20";
				CLANG_ENABLE_MODULES = YES;
				CLANG_ENABLE_OBJC_ARC = YES;
				CLANG_ENABLE_OBJC_WEAK = YES;
				CLANG_WARN_BLOCK_CAPTURE_AUTORELEASING = YES;
				CLANG_WARN_BOOL_CONVERSION = YES;
				CLANG_WARN_COMMA = YES;
				CLANG_WARN_CONSTANT_CONVERSION = YES;
				CLANG_WARN_DEPRECATED_OBJC_IMPLEMENTATIONS = YES;
				CLANG_WARN_DIRECT_OBJC_ISA_USAGE = YES_ERROR;
				CLANG_WARN_DOCUMENTATION_COMMENTS = YES;
				CLANG_WARN_EMPTY_BODY = YES;
				CLANG_WARN_ENUM_CONVERSION = YES;
				CLANG_WARN_INFINITE_RECURSION = YES;
				CLANG_WARN_INT_CONVERSION = YES;
				CLANG_WARN_NON_LITERAL_NULL_CONVERSION = YES;
				CLANG_WARN_OBJC_IMPLICIT_RETAIN_SELF = YES;
				CLANG_WARN_OBJC_LITERAL_CONVERSION = YES;
				CLANG_WARN_OBJC_ROOT_CLASS = YES_ERROR;
				CLANG_WARN_QUOTED_INCLUDE_IN_FRAMEWORK_HEADER = YES;
				CLANG_WARN_RANGE_LOOP_ANALYSIS = YES;
				CLANG_WARN_STRICT_PROTOTYPES = YES;
				CLANG_WARN_SUSPICIOUS_MOVE = YES;
				CLANG_WARN_UNGUARDED_AVAILABILITY = YES_AGGRESSIVE;
				CLANG_WARN_UNREACHABLE_CODE = YES;
				CLANG_WARN__DUPLICATE_METHOD_MATCH = YES;
				COPY_PHASE_STRIP = NO;
				DEBUG_INFORMATION_FORMAT = "dwarf-with-dsym";
				ENABLE_NS_ASSERTIONS = NO;
				ENABLE_STRICT_OBJC_MSGSEND = YES;
				ENABLE_USER_SCRIPT_SANDBOXING = YES;
				GCC_C_LANGUAGE_STANDARD = gnu17;
				GCC_NO_COMMON_BLOCKS = YES;
				GCC_WARN_64_TO_32_BIT_CONVERSION = YES;
				GCC_WARN_ABOUT_RETURN_TYPE = YES_ERROR;
				GCC_WARN_UNDECLARED_SELECTOR = YES;
				GCC_WARN_UNINITIALIZED_AUTOS = YES_AGGRESSIVE;
				GCC_WARN_UNUSED_FUNCTION = YES;
				GCC_WARN_UNUSED_VARIABLE = YES;
				IPHONEOS_DEPLOYMENT_TARGET = 17.2;
				LOCALIZATION_PREFERS_STRING_CATALOGS = YES;
				MTL_ENABLE_DEBUG_INFO = NO;
				MTL_FAST_MATH = YES;
				SDKROOT = iphoneos;
				SWIFT_COMPILATION_MODE = wholemodule;
				VALIDATE_PRODUCT = YES;
			};
			name = Release;
		};
		0492DD112B6963D20038F8EA /* Debug */ = {
			isa = XCBuildConfiguration;
			buildSettings = {
				ASSETCATALOG_COMPILER_APPICON_NAME = AppIcon;
				ASSETCATALOG_COMPILER_GLOBAL_ACCENT_COLOR_NAME = AccentColor;
				CODE_SIGN_STYLE = Automatic;
				CURRENT_PROJECT_VERSION = 1;
				DEVELOPMENT_TEAM = 4N63T7C9Y8;
				GENERATE_INFOPLIST_FILE = YES;
				INFOPLIST_FILE = QuizAppHarsh/Info.plist;
				INFOPLIST_KEY_UIApplicationSupportsIndirectInputEvents = YES;
				INFOPLIST_KEY_UILaunchStoryboardName = LaunchScreen;
				INFOPLIST_KEY_UIMainStoryboardFile = Main;
				INFOPLIST_KEY_UISupportedInterfaceOrientations = UIInterfaceOrientationPortrait;
				INFOPLIST_KEY_UISupportedInterfaceOrientations_iPad = "UIInterfaceOrientationLandscapeLeft UIInterfaceOrientationLandscapeRight UIInterfaceOrientationPortrait UIInterfaceOrientationPortraitUpsideDown";
				LD_RUNPATH_SEARCH_PATHS = (
					"$(inherited)",
					"@executable_path/Frameworks",
				);
				MARKETING_VERSION = 1.0;
				PRODUCT_BUNDLE_IDENTIFIER = com.quizappHarshApi.QuizAppHarsh;
				PRODUCT_NAME = "$(TARGET_NAME)";
				SUPPORTED_PLATFORMS = "iphoneos iphonesimulator";
				SUPPORTS_MACCATALYST = NO;
				SUPPORTS_MAC_DESIGNED_FOR_IPHONE_IPAD = NO;
				SUPPORTS_XR_DESIGNED_FOR_IPHONE_IPAD = NO;
				SWIFT_EMIT_LOC_STRINGS = YES;
				SWIFT_VERSION = 5.0;
				TARGETED_DEVICE_FAMILY = 1;
			};
			name = Debug;
		};
		0492DD122B6963D20038F8EA /* Release */ = {
			isa = XCBuildConfiguration;
			buildSettings = {
				ASSETCATALOG_COMPILER_APPICON_NAME = AppIcon;
				ASSETCATALOG_COMPILER_GLOBAL_ACCENT_COLOR_NAME = AccentColor;
				CODE_SIGN_STYLE = Automatic;
				CURRENT_PROJECT_VERSION = 1;
				DEVELOPMENT_TEAM = 4N63T7C9Y8;
				GENERATE_INFOPLIST_FILE = YES;
				INFOPLIST_FILE = QuizAppHarsh/Info.plist;
				INFOPLIST_KEY_UIApplicationSupportsIndirectInputEvents = YES;
				INFOPLIST_KEY_UILaunchStoryboardName = LaunchScreen;
				INFOPLIST_KEY_UIMainStoryboardFile = Main;
				INFOPLIST_KEY_UISupportedInterfaceOrientations = UIInterfaceOrientationPortrait;
				INFOPLIST_KEY_UISupportedInterfaceOrientations_iPad = "UIInterfaceOrientationLandscapeLeft UIInterfaceOrientationLandscapeRight UIInterfaceOrientationPortrait UIInterfaceOrientationPortraitUpsideDown";
				LD_RUNPATH_SEARCH_PATHS = (
					"$(inherited)",
					"@executable_path/Frameworks",
				);
				MARKETING_VERSION = 1.0;
				PRODUCT_BUNDLE_IDENTIFIER = com.quizappHarshApi.QuizAppHarsh;
				PRODUCT_NAME = "$(TARGET_NAME)";
				SUPPORTED_PLATFORMS = "iphoneos iphonesimulator";
				SUPPORTS_MACCATALYST = NO;
				SUPPORTS_MAC_DESIGNED_FOR_IPHONE_IPAD = NO;
				SUPPORTS_XR_DESIGNED_FOR_IPHONE_IPAD = NO;
				SWIFT_EMIT_LOC_STRINGS = YES;
				SWIFT_VERSION = 5.0;
				TARGETED_DEVICE_FAMILY = 1;
			};
			name = Release;
		};
/* End XCBuildConfiguration section */

/* Begin XCConfigurationList section */
		0492DCF72B6963CF0038F8EA /* Build configuration list for PBXProject "QuizAppHarsh" */ = {
			isa = XCConfigurationList;
			buildConfigurations = (
				0492DD0E2B6963D20038F8EA /* Debug */,
				0492DD0F2B6963D20038F8EA /* Release */,
			);
			defaultConfigurationIsVisible = 0;
			defaultConfigurationName = Release;
		};
		0492DD102B6963D20038F8EA /* Build configuration list for PBXNativeTarget "QuizAppHarsh" */ = {
			isa = XCConfigurationList;
			buildConfigurations = (
				0492DD112B6963D20038F8EA /* Debug */,
				0492DD122B6963D20038F8EA /* Release */,
			);
			defaultConfigurationIsVisible = 0;
			defaultConfigurationName = Release;
		};
/* End XCConfigurationList section */
	};
	rootObject = 0492DCF42B6963CF0038F8EA /* Project object */;
}
